
Microsoft Visual Studio Solution File, Format Version 12.00
# Visual Studio 15
VisualStudioVersion = 15.0.28307.136
MinimumVisualStudioVersion = 10.0.40219.1
Project("{FAE04EC0-301F-11D3-BF4B-00C04F79EFBC}") = "COSXML", "COSXML\COSXML.csproj", "{FC694C68-F0E3-411F-8E6C-2E9F94826016}"
EndProject
Global
	GlobalSection(SolutionConfigurationPlatforms) = preSolution
		Debug|Any CPU = Debug|Any CPU
		Release|Any CPU = Release|Any CPU
	EndGlobalSection
	GlobalSection(ProjectConfigurationPlatforms) = postSolution
		{FC694C68-F0E3-411F-8E6C-2E9F94826016}.Debug|Any CPU.ActiveCfg = Debug|Any CPU
		{FC694C68-F0E3-411F-8E6C-2E9F94826016}.Debug|Any CPU.Build.0 = Debug|Any CPU
		{FC694C68-F0E3-411F-8E6C-2E9F94826016}.Release|Any CPU.ActiveCfg = Release|Any CPU
		{FC694C68-F0E3-411F-8E6C-2E9F94826016}.Release|Any CPU.Build.0 = Release|Any CPU
	EndGlobalSection
	GlobalSection(SolutionProperties) = preSolution
		HideSolutionNode = FALSE
	EndGlobalSection
	GlobalSection(ExtensibilityGlobals) = postSolution
		SolutionGuid = {A2C42AA8-0298-4538-B824-5F00FA13A543}
	EndGlobalSection
EndGlobal
